
Microsoft Visual Studio Solution File, Format Version 12.00
# Visual Studio Version 16
VisualStudioVersion = 16.0.31605.320
MinimumVisualStudioVersion = 10.0.40219.1
Project("{FAE04EC0-301F-11D3-BF4B-00C04F79EFBC}") = "ExpenseTracker", "ExpenseTracker\ExpenseTracker.csproj", "{1B7A96DB-0173-4C21-B77A-F0BE2BD326C3}"
EndProject
Global
	GlobalSection(SolutionConfigurationPlatforms) = preSolution
		Debug|Any CPU = Debug|Any CPU
		Release|Any CPU = Release|Any CPU
	EndGlobalSection
	GlobalSection(ProjectConfigurationPlatforms) = postSolution
		{1B7A96DB-0173-4C21-B77A-F0BE2BD326C3}.Debug|Any CPU.ActiveCfg = Debug|Any CPU
		{1B7A96DB-0173-4C21-B77A-F0BE2BD326C3}.Debug|Any CPU.Build.0 = Debug|Any CPU
		{1B7A96DB-0173-4C21-B77A-F0BE2BD326C3}.Release|Any CPU.ActiveCfg = Release|Any CPU
		{1B7A96DB-0173-4C21-B77A-F0BE2BD326C3}.Release|Any CPU.Build.0 = Release|Any CPU
	EndGlobalSection
	GlobalSection(SolutionProperties) = preSolution
		HideSolutionNode = FALSE
	EndGlobalSection
	GlobalSection(ExtensibilityGlobals) = postSolution
		SolutionGuid = {2C7E6A5D-8981-49CA-A6CF-183C45C2FC10}
	EndGlobalSection
EndGlobal
